{
  "name": "mobx-sass",
  "version": "0.1.0",
  "lockfileVersion": 1,
  "requires": true,
  "dependencies": {
    "mobx": {
      "version": "5.5.0",
      "resolved": "https://registry.npmjs.org/mobx/-/mobx-5.5.0.tgz",
      "integrity": "sha512-rD0Hsv9XtjS6axavvPX/XzWTeICRiH3bLR1L+MrJ7HOlx1hmSdWNzu8rQQ+1IkTiyJechRyGzs2tUgLRmEofJg=="
    }
  }
}
